// !$*UTF8*$!
{
	archiveVersion = 1;
	classes = {
	};
	objectVersion = 50;
	objects = {

/* Begin PBXBuildFile section */
		AF50AE1F21D2EEC100584E4B /* AppDelegate.swift in Sources */ = {isa = PBXBuildFile; fileRef = AF50AE1E21D2EEC100584E4B /* AppDelegate.swift */; };
		AF50AE2121D2EEC100584E4B /* SurvivalViewController.swift in Sources */ = {isa = PBXBuildFile; fileRef = AF50AE2021D2EEC100584E4B /* SurvivalViewController.swift */; };
		AF50AE2421D2EEC100584E4B /* Main.storyboard in Resources */ = {isa = PBXBuildFile; fileRef = AF50AE2221D2EEC100584E4B /* Main.storyboard */; };
		AF50AE2621D2EEC200584E4B /* Assets.xcassets in Resources */ = {isa = PBXBuildFile; fileRef = AF50AE2521D2EEC200584E4B /* Assets.xcassets */; };
		AF50AE2921D2EEC200584E4B /* LaunchScreen.storyboard in Resources */ = {isa = PBXBuildFile; fileRef = AF50AE2721D2EEC200584E4B /* LaunchScreen.storyboard */; };
		AF50AE3521D2EFC300584E4B /* Problem.swift in Sources */ = {isa = PBXBuildFile; fileRef = AF50AE3421D2EFC300584E4B /* Problem.swift */; };
		AF50AE3721D2EFFF00584E4B /* RandomInt.swift in Sources */ = {isa = PBXBuildFile; fileRef = AF50AE3621D2EFFF00584E4B /* RandomInt.swift */; };
		AF50AE3921D2F02500584E4B /* Int+random.swift in Sources */ = {isa = PBXBuildFile; fileRef = AF50AE3821D2F02500584E4B /* Int+random.swift */; };
		AF50AE3B21D2F40900584E4B /* JourneyMode.swift in Sources */ = {isa = PBXBuildFile; fileRef = AF50AE3A21D2F40900584E4B /* JourneyMode.swift */; };
		AF50AE3D21D2F48600584E4B /* ProblemMaker.swift in Sources */ = {isa = PBXBuildFile; fileRef = AF50AE3C21D2F48600584E4B /* ProblemMaker.swift */; };
		AF50AE3F21D2F55A00584E4B /* SurvivalService.swift in Sources */ = {isa = PBXBuildFile; fileRef = AF50AE3E21D2F55A00584E4B /* SurvivalService.swift */; };
		AF50AE4121D2FB8A00584E4B /* PTSurvivalService.swift in Sources */ = {isa = PBXBuildFile; fileRef = AF50AE4021D2FB8A00584E4B /* PTSurvivalService.swift */; };
		AF65B7EB21D3E04500E84AF4 /* TimerService.swift in Sources */ = {isa = PBXBuildFile; fileRef = AF65B7EA21D3E04500E84AF4 /* TimerService.swift */; };
		AF65B7ED21D3E0DE00E84AF4 /* PTTimerService.swift in Sources */ = {isa = PBXBuildFile; fileRef = AF65B7EC21D3E0DE00E84AF4 /* PTTimerService.swift */; };
		AF65B7EF21D3E6C900E84AF4 /* Int+time.swift in Sources */ = {isa = PBXBuildFile; fileRef = AF65B7EE21D3E6C900E84AF4 /* Int+time.swift */; };
/* End PBXBuildFile section */

/* Begin PBXFileReference section */
		AF50AE1B21D2EEC100584E4B /* Percentille.app */ = {isa = PBXFileReference; explicitFileType = wrapper.application; includeInIndex = 0; path = Percentille.app; sourceTree = BUILT_PRODUCTS_DIR; };
		AF50AE1E21D2EEC100584E4B /* AppDelegate.swift */ = {isa = PBXFileReference; lastKnownFileType = sourcecode.swift; path = AppDelegate.swift; sourceTree = "<group>"; };
		AF50AE2021D2EEC100584E4B /* SurvivalViewController.swift */ = {isa = PBXFileReference; lastKnownFileType = sourcecode.swift; path = SurvivalViewController.swift; sourceTree = "<group>"; };
		AF50AE2321D2EEC100584E4B /* Base */ = {isa = PBXFileReference; lastKnownFileType = file.storyboard; name = Base; path = Base.lproj/Main.storyboard; sourceTree = "<group>"; };
		AF50AE2521D2EEC200584E4B /* Assets.xcassets */ = {isa = PBXFileReference; lastKnownFileType = folder.assetcatalog; path = Assets.xcassets; sourceTree = "<group>"; };
		AF50AE2821D2EEC200584E4B /* Base */ = {isa = PBXFileReference; lastKnownFileType = file.storyboard; name = Base; path = Base.lproj/LaunchScreen.storyboard; sourceTree = "<group>"; };
		AF50AE2A21D2EEC200584E4B /* Info.plist */ = {isa = PBXFileReference; lastKnownFileType = text.plist.xml; path = Info.plist; sourceTree = "<group>"; };
		AF50AE3421D2EFC300584E4B /* Problem.swift */ = {isa = PBXFileReference; lastKnownFileType = sourcecode.swift; path = Problem.swift; sourceTree = "<group>"; };
		AF50AE3621D2EFFF00584E4B /* RandomInt.swift */ = {isa = PBXFileReference; lastKnownFileType = sourcecode.swift; path = RandomInt.swift; sourceTree = "<group>"; };
		AF50AE3821D2F02500584E4B /* Int+random.swift */ = {isa = PBXFileReference; lastKnownFileType = sourcecode.swift; path = "Int+random.swift"; sourceTree = "<group>"; };
		AF50AE3A21D2F40900584E4B /* JourneyMode.swift */ = {isa = PBXFileReference; lastKnownFileType = sourcecode.swift; path = JourneyMode.swift; sourceTree = "<group>"; };
		AF50AE3C21D2F48600584E4B /* ProblemMaker.swift */ = {isa = PBXFileReference; lastKnownFileType = sourcecode.swift; path = ProblemMaker.swift; sourceTree = "<group>"; };
		AF50AE3E21D2F55A00584E4B /* SurvivalService.swift */ = {isa = PBXFileReference; lastKnownFileType = sourcecode.swift; path = SurvivalService.swift; sourceTree = "<group>"; };
		AF50AE4021D2FB8A00584E4B /* PTSurvivalService.swift */ = {isa = PBXFileReference; lastKnownFileType = sourcecode.swift; path = PTSurvivalService.swift; sourceTree = "<group>"; };
		AF65B7EA21D3E04500E84AF4 /* TimerService.swift */ = {isa = PBXFileReference; lastKnownFileType = sourcecode.swift; path = TimerService.swift; sourceTree = "<group>"; };
		AF65B7EC21D3E0DE00E84AF4 /* PTTimerService.swift */ = {isa = PBXFileReference; lastKnownFileType = sourcecode.swift; path = PTTimerService.swift; sourceTree = "<group>"; };
		AF65B7EE21D3E6C900E84AF4 /* Int+time.swift */ = {isa = PBXFileReference; lastKnownFileType = sourcecode.swift; path = "Int+time.swift"; sourceTree = "<group>"; };
/* End PBXFileReference section */

/* Begin PBXFrameworksBuildPhase section */
		AF50AE1821D2EEC100584E4B /* Frameworks */ = {
			isa = PBXFrameworksBuildPhase;
			buildActionMask = 2147483647;
			files = (
			);
			runOnlyForDeploymentPostprocessing = 0;
		};
/* End PBXFrameworksBuildPhase section */

/* Begin PBXGroup section */
		AF50AE1221D2EEC100584E4B = {
			isa = PBXGroup;
			children = (
				AF50AE1D21D2EEC100584E4B /* Percentille */,
				AF50AE1C21D2EEC100584E4B /* Products */,
			);
			sourceTree = "<group>";
		};
		AF50AE1C21D2EEC100584E4B /* Products */ = {
			isa = PBXGroup;
			children = (
				AF50AE1B21D2EEC100584E4B /* Percentille.app */,
			);
			name = Products;
			sourceTree = "<group>";
		};
		AF50AE1D21D2EEC100584E4B /* Percentille */ = {
			isa = PBXGroup;
			children = (
				AF50AE1E21D2EEC100584E4B /* AppDelegate.swift */,
				AF50AE2221D2EEC100584E4B /* Main.storyboard */,
				AF50AE3321D2EF7F00584E4B /* View */,
				AF50AE3221D2EF7900584E4B /* Service */,
				AF50AE3121D2EF7100584E4B /* Extensions */,
				AF50AE3021D2EF6B00584E4B /* Model */,
				AF50AE2521D2EEC200584E4B /* Assets.xcassets */,
				AF50AE2721D2EEC200584E4B /* LaunchScreen.storyboard */,
				AF50AE2A21D2EEC200584E4B /* Info.plist */,
			);
			path = Percentille;
			sourceTree = "<group>";
		};
		AF50AE3021D2EF6B00584E4B /* Model */ = {
			isa = PBXGroup;
			children = (
				AF50AE3421D2EFC300584E4B /* Problem.swift */,
				AF50AE3621D2EFFF00584E4B /* RandomInt.swift */,
				AF50AE3C21D2F48600584E4B /* ProblemMaker.swift */,
			);
			path = Model;
			sourceTree = "<group>";
		};
		AF50AE3121D2EF7100584E4B /* Extensions */ = {
			isa = PBXGroup;
			children = (
				AF50AE3821D2F02500584E4B /* Int+random.swift */,
				AF65B7EE21D3E6C900E84AF4 /* Int+time.swift */,
			);
			path = Extensions;
			sourceTree = "<group>";
		};
		AF50AE3221D2EF7900584E4B /* Service */ = {
			isa = PBXGroup;
			children = (
				AF50AE3A21D2F40900584E4B /* JourneyMode.swift */,
				AF65B7F021D50F5700E84AF4 /* Survival */,
			);
			path = Service;
			sourceTree = "<group>";
		};
		AF50AE3321D2EF7F00584E4B /* View */ = {
			isa = PBXGroup;
			children = (
				AF50AE2021D2EEC100584E4B /* SurvivalViewController.swift */,
			);
			path = View;
			sourceTree = "<group>";
		};
		AF65B7F021D50F5700E84AF4 /* Survival */ = {
			isa = PBXGroup;
			children = (
				AF50AE3E21D2F55A00584E4B /* SurvivalService.swift */,
				AF50AE4021D2FB8A00584E4B /* PTSurvivalService.swift */,
				AF65B7EA21D3E04500E84AF4 /* TimerService.swift */,
				AF65B7EC21D3E0DE00E84AF4 /* PTTimerService.swift */,
			);
			path = Survival;
			sourceTree = "<group>";
		};
/* End PBXGroup section */

/* Begin PBXNativeTarget section */
		AF50AE1A21D2EEC100584E4B /* Percentille */ = {
			isa = PBXNativeTarget;
			buildConfigurationList = AF50AE2D21D2EEC200584E4B /* Build configuration list for PBXNativeTarget "Percentille" */;
			buildPhases = (
				AF50AE1721D2EEC100584E4B /* Sources */,
				AF50AE1821D2EEC100584E4B /* Frameworks */,
				AF50AE1921D2EEC100584E4B /* Resources */,
			);
			buildRules = (
			);
			dependencies = (
			);
			name = Percentille;
			productName = Percentille;
			productReference = AF50AE1B21D2EEC100584E4B /* Percentille.app */;
			productType = "com.apple.product-type.application";
		};
/* End PBXNativeTarget section */

/* Begin PBXProject section */
		AF50AE1321D2EEC100584E4B /* Project object */ = {
			isa = PBXProject;
			attributes = {
				LastSwiftUpdateCheck = 1000;
				LastUpgradeCheck = 1000;
				ORGANIZATIONNAME = "iQuest Technologies";
				TargetAttributes = {
					AF50AE1A21D2EEC100584E4B = {
						CreatedOnToolsVersion = 10.0;
					};
				};
			};
			buildConfigurationList = AF50AE1621D2EEC100584E4B /* Build configuration list for PBXProject "Percentille" */;
			compatibilityVersion = "Xcode 9.3";
			developmentRegion = en;
			hasScannedForEncodings = 0;
			knownRegions = (
				en,
				Base,
			);
			mainGroup = AF50AE1221D2EEC100584E4B;
			productRefGroup = AF50AE1C21D2EEC100584E4B /* Products */;
			projectDirPath = "";
			projectRoot = "";
			targets = (
				AF50AE1A21D2EEC100584E4B /* Percentille */,
			);
		};
/* End PBXProject section */

/* Begin PBXResourcesBuildPhase section */
		AF50AE1921D2EEC100584E4B /* Resources */ = {
			isa = PBXResourcesBuildPhase;
			buildActionMask = 2147483647;
			files = (
				AF50AE2921D2EEC200584E4B /* LaunchScreen.storyboard in Resources */,
				AF50AE2621D2EEC200584E4B /* Assets.xcassets in Resources */,
				AF50AE2421D2EEC100584E4B /* Main.storyboard in Resources */,
			);
			runOnlyForDeploymentPostprocessing = 0;
		};
/* End PBXResourcesBuildPhase section */

/* Begin PBXSourcesBuildPhase section */
		AF50AE1721D2EEC100584E4B /* Sources */ = {
			isa = PBXSourcesBuildPhase;
			buildActionMask = 2147483647;
			files = (
				AF50AE2121D2EEC100584E4B /* SurvivalViewController.swift in Sources */,
				AF50AE3921D2F02500584E4B /* Int+random.swift in Sources */,
				AF50AE3521D2EFC300584E4B /* Problem.swift in Sources */,
				AF50AE3721D2EFFF00584E4B /* RandomInt.swift in Sources */,
				AF50AE1F21D2EEC100584E4B /* AppDelegate.swift in Sources */,
				AF65B7EB21D3E04500E84AF4 /* TimerService.swift in Sources */,
				AF65B7EF21D3E6C900E84AF4 /* Int+time.swift in Sources */,
				AF65B7ED21D3E0DE00E84AF4 /* PTTimerService.swift in Sources */,
				AF50AE3F21D2F55A00584E4B /* SurvivalService.swift in Sources */,
				AF50AE3D21D2F48600584E4B /* ProblemMaker.swift in Sources */,
				AF50AE4121D2FB8A00584E4B /* PTSurvivalService.swift in Sources */,
				AF50AE3B21D2F40900584E4B /* JourneyMode.swift in Sources */,
			);
			runOnlyForDeploymentPostprocessing = 0;
		};
/* End PBXSourcesBuildPhase section */

/* Begin PBXVariantGroup section */
		AF50AE2221D2EEC100584E4B /* Main.storyboard */ = {
			isa = PBXVariantGroup;
			children = (
				AF50AE2321D2EEC100584E4B /* Base */,
			);
			name = Main.storyboard;
			sourceTree = "<group>";
		};
		AF50AE2721D2EEC200584E4B /* LaunchScreen.storyboard */ = {
			isa = PBXVariantGroup;
			children = (
				AF50AE2821D2EEC200584E4B /* Base */,
			);
			name = LaunchScreen.storyboard;
			sourceTree = "<group>";
		};
/* End PBXVariantGroup section */

/* Begin XCBuildConfiguration section */
		AF50AE2B21D2EEC200584E4B /* Debug */ = {
			isa = XCBuildConfiguration;
			buildSettings = {
				ALWAYS_SEARCH_USER_PATHS = NO;
				CLANG_ANALYZER_NONNULL = YES;
				CLANG_ANALYZER_NUMBER_OBJECT_CONVERSION = YES_AGGRESSIVE;
				CLANG_CXX_LANGUAGE_STANDARD = "gnu++14";
				CLANG_CXX_LIBRARY = "libc++";
				CLANG_ENABLE_MODULES = YES;
				CLANG_ENABLE_OBJC_ARC = YES;
				CLANG_ENABLE_OBJC_WEAK = YES;
				CLANG_WARN_BLOCK_CAPTURE_AUTORELEASING = YES;
				CLANG_WARN_BOOL_CONVERSION = YES;
				CLANG_WARN_COMMA = YES;
				CLANG_WARN_CONSTANT_CONVERSION = YES;
				CLANG_WARN_DEPRECATED_OBJC_IMPLEMENTATIONS = YES;
				CLANG_WARN_DIRECT_OBJC_ISA_USAGE = YES_ERROR;
				CLANG_WARN_DOCUMENTATION_COMMENTS = YES;
				CLANG_WARN_EMPTY_BODY = YES;
				CLANG_WARN_ENUM_CONVERSION = YES;
				CLANG_WARN_INFINITE_RECURSION = YES;
				CLANG_WARN_INT_CONVERSION = YES;
				CLANG_WARN_NON_LITERAL_NULL_CONVERSION = YES;
				CLANG_WARN_OBJC_IMPLICIT_RETAIN_SELF = YES;
				CLANG_WARN_OBJC_LITERAL_CONVERSION = YES;
				CLANG_WARN_OBJC_ROOT_CLASS = YES_ERROR;
				CLANG_WARN_RANGE_LOOP_ANALYSIS = YES;
				CLANG_WARN_STRICT_PROTOTYPES = YES;
				CLANG_WARN_SUSPICIOUS_MOVE = YES;
				CLANG_WARN_UNGUARDED_AVAILABILITY = YES_AGGRESSIVE;
				CLANG_WARN_UNREACHABLE_CODE = YES;
				CLANG_WARN__DUPLICATE_METHOD_MATCH = YES;
				CODE_SIGN_IDENTITY = "iPhone Developer";
				COPY_PHASE_STRIP = NO;
				DEBUG_INFORMATION_FORMAT = dwarf;
				ENABLE_STRICT_OBJC_MSGSEND = YES;
				ENABLE_TESTABILITY = YES;
				GCC_C_LANGUAGE_STANDARD = gnu11;
				GCC_DYNAMIC_NO_PIC = NO;
				GCC_NO_COMMON_BLOCKS = YES;
				GCC_OPTIMIZATION_LEVEL = 0;
				GCC_PREPROCESSOR_DEFINITIONS = (
					"DEBUG=1",
					"$(inherited)",
				);
				GCC_WARN_64_TO_32_BIT_CONVERSION = YES;
				GCC_WARN_ABOUT_RETURN_TYPE = YES_ERROR;
				GCC_WARN_UNDECLARED_SELECTOR = YES;
				GCC_WARN_UNINITIALIZED_AUTOS = YES_AGGRESSIVE;
				GCC_WARN_UNUSED_FUNCTION = YES;
				GCC_WARN_UNUSED_VARIABLE = YES;
				IPHONEOS_DEPLOYMENT_TARGET = 12.0;
				MTL_ENABLE_DEBUG_INFO = INCLUDE_SOURCE;
				MTL_FAST_MATH = YES;
				ONLY_ACTIVE_ARCH = YES;
				SDKROOT = iphoneos;
				SWIFT_ACTIVE_COMPILATION_CONDITIONS = DEBUG;
				SWIFT_OPTIMIZATION_LEVEL = "-Onone";
			};
			name = Debug;
		};
		AF50AE2C21D2EEC200584E4B /* Release */ = {
			isa = XCBuildConfiguration;
			buildSettings = {
				ALWAYS_SEARCH_USER_PATHS = NO;
				CLANG_ANALYZER_NONNULL = YES;
				CLANG_ANALYZER_NUMBER_OBJECT_CONVERSION = YES_AGGRESSIVE;
				CLANG_CXX_LANGUAGE_STANDARD = "gnu++14";
				CLANG_CXX_LIBRARY = "libc++";
				CLANG_ENABLE_MODULES = YES;
				CLANG_ENABLE_OBJC_ARC = YES;
				CLANG_ENABLE_OBJC_WEAK = YES;
				CLANG_WARN_BLOCK_CAPTURE_AUTORELEASING = YES;
				CLANG_WARN_BOOL_CONVERSION = YES;
				CLANG_WARN_COMMA = YES;
				CLANG_WARN_CONSTANT_CONVERSION = YES;
				CLANG_WARN_DEPRECATED_OBJC_IMPLEMENTATIONS = YES;
				CLANG_WARN_DIRECT_OBJC_ISA_USAGE = YES_ERROR;
				CLANG_WARN_DOCUMENTATION_COMMENTS = YES;
				CLANG_WARN_EMPTY_BODY = YES;
				CLANG_WARN_ENUM_CONVERSION = YES;
				CLANG_WARN_INFINITE_RECURSION = YES;
				CLANG_WARN_INT_CONVERSION = YES;
				CLANG_WARN_NON_LITERAL_NULL_CONVERSION = YES;
				CLANG_WARN_OBJC_IMPLICIT_RETAIN_SELF = YES;
				CLANG_WARN_OBJC_LITERAL_CONVERSION = YES;
				CLANG_WARN_OBJC_ROOT_CLASS = YES_ERROR;
				CLANG_WARN_RANGE_LOOP_ANALYSIS = YES;
				CLANG_WARN_STRICT_PROTOTYPES = YES;
				CLANG_WARN_SUSPICIOUS_MOVE = YES;
				CLANG_WARN_UNGUARDED_AVAILABILITY = YES_AGGRESSIVE;
				CLANG_WARN_UNREACHABLE_CODE = YES;
				CLANG_WARN__DUPLICATE_METHOD_MATCH = YES;
				CODE_SIGN_IDENTITY = "iPhone Developer";
				COPY_PHASE_STRIP = NO;
				DEBUG_INFORMATION_FORMAT = "dwarf-with-dsym";
				ENABLE_NS_ASSERTIONS = NO;
				ENABLE_STRICT_OBJC_MSGSEND = YES;
				GCC_C_LANGUAGE_STANDARD = gnu11;
				GCC_NO_COMMON_BLOCKS = YES;
				GCC_WARN_64_TO_32_BIT_CONVERSION = YES;
				GCC_WARN_ABOUT_RETURN_TYPE = YES_ERROR;
				GCC_WARN_UNDECLARED_SELECTOR = YES;
				GCC_WARN_UNINITIALIZED_AUTOS = YES_AGGRESSIVE;
				GCC_WARN_UNUSED_FUNCTION = YES;
				GCC_WARN_UNUSED_VARIABLE = YES;
				IPHONEOS_DEPLOYMENT_TARGET = 12.0;
				MTL_ENABLE_DEBUG_INFO = NO;
				MTL_FAST_MATH = YES;
				SDKROOT = iphoneos;
				SWIFT_COMPILATION_MODE = wholemodule;
				SWIFT_OPTIMIZATION_LEVEL = "-O";
				VALIDATE_PRODUCT = YES;
			};
			name = Release;
		};
		AF50AE2E21D2EEC200584E4B /* Debug */ = {
			isa = XCBuildConfiguration;
			buildSettings = {
				ASSETCATALOG_COMPILER_APPICON_NAME = AppIcon;
				CODE_SIGN_STYLE = Automatic;
				DEVELOPMENT_TEAM = 32MK5V2NGT;
				INFOPLIST_FILE = Percentille/Info.plist;
				IPHONEOS_DEPLOYMENT_TARGET = 11.0;
				LD_RUNPATH_SEARCH_PATHS = (
					"$(inherited)",
					"@executable_path/Frameworks",
				);
				PRODUCT_BUNDLE_IDENTIFIER = com.rolandtolnay.Percentille;
				PRODUCT_NAME = "$(TARGET_NAME)";
				SWIFT_VERSION = 4.2;
				TARGETED_DEVICE_FAMILY = "1,2";
			};
			name = Debug;
		};
		AF50AE2F21D2EEC200584E4B /* Release */ = {
			isa = XCBuildConfiguration;
			buildSettings = {
				ASSETCATALOG_COMPILER_APPICON_NAME = AppIcon;
				CODE_SIGN_STYLE = Automatic;
				DEVELOPMENT_TEAM = 32MK5V2NGT;
				INFOPLIST_FILE = Percentille/Info.plist;
				IPHONEOS_DEPLOYMENT_TARGET = 11.0;
				LD_RUNPATH_SEARCH_PATHS = (
					"$(inherited)",
					"@executable_path/Frameworks",
				);
				PRODUCT_BUNDLE_IDENTIFIER = com.rolandtolnay.Percentille;
				PRODUCT_NAME = "$(TARGET_NAME)";
				SWIFT_VERSION = 4.2;
				TARGETED_DEVICE_FAMILY = "1,2";
			};
			name = Release;
		};
/* End XCBuildConfiguration section */

/* Begin XCConfigurationList section */
		AF50AE1621D2EEC100584E4B /* Build configuration list for PBXProject "Percentille" */ = {
			isa = XCConfigurationList;
			buildConfigurations = (
				AF50AE2B21D2EEC200584E4B /* Debug */,
				AF50AE2C21D2EEC200584E4B /* Release */,
			);
			defaultConfigurationIsVisible = 0;
			defaultConfigurationName = Release;
		};
		AF50AE2D21D2EEC200584E4B /* Build configuration list for PBXNativeTarget "Percentille" */ = {
			isa = XCConfigurationList;
			buildConfigurations = (
				AF50AE2E21D2EEC200584E4B /* Debug */,
				AF50AE2F21D2EEC200584E4B /* Release */,
			);
			defaultConfigurationIsVisible = 0;
			defaultConfigurationName = Release;
		};
/* End XCConfigurationList section */
	};
	rootObject = AF50AE1321D2EEC100584E4B /* Project object */;
}
